github.com/go-rod/rod v0.99.1 h1:8EV00XUiWL0PElUC/8V1pEuApQE0n6BIVmQt9cQyVQc=
github.com/go-rod/rod v0.99.1/go.mod h1:h9igqSGReLmOWyHtdf0AtUd0mdkHFu3gFwBeV+stleM=
github.com/tidwall/gjson v1.8.0 h1:Qt+orfosKn0rbNTZqHYDqBrmm3UDA4KRkv70fDzG+PQ=
github.com/tidwall/gjson v1.8.0/go.mod h1:5/xDoumyyDNerp2U36lyolv46b3uF/9Bu6OfyQ9GImk=
github.com/tidwall/match v1.0.3 h1:FQUVvBImDutD8wJLN6c5eMzWtjgONK9MwIBCOrUJKeE=
github.com/tidwall/match v1.0.3/go.mod h1:eRSPERbgtNPcGhD8UCthc6PmLEQXEWd3PRB5JTxsfmM=
github.com/tidwall/pretty v1.1.0 h1:K3hMW5epkdAVwibsQEfR/7Zj0Qgt4DxtNumTq/VloO8=
github.com/tidwall/pretty v1.1.0/go.mod h1:XNkn88O1ChpSDQmQeStsy+sBenx6DDtFZJxhVysOjyk=
github.com/ysmood/goob v0.3.0 h1:XZ51cZJ4W3WCoCiUktixzMIQF86W7G5VFL4QQ/Q2uS0=
github.com/ysmood/goob v0.3.0/go.mod h1:S3lq113Y91y1UBf1wj1pFOxeahvfKkCk6mTWTWbDdWs=
github.com/ysmood/got v0.12.0/go.mod h1:pE1l4LOwOBhQg6A/8IAatkGp7uZjnalzrZolnlhhMgY=
github.com/ysmood/gotrace v0.2.2/go.mod h1:TzhIG7nHDry5//eYZDYcTzuJLYQIkykJzCRIo4/dzQM=
github.com/ysmood/gson v0.6.4 h1:Yb6tosv6bk59HqjZu2/7o4BFherpYEMkDkXmlhgryZ4=
github.com/ysmood/gson v0.6.4/go.mod h1:3Kzs5zDl21g5F/BlLTNcuAGAYLKt2lV5G8D1zF3RNmg=
github.com/ysmood/leakless v0.7.0 h1:XCGdaPExyoreoQd+H5qgxM3ReNbSPFsEXpSKwbXbwQw=
github.com/ysmood/leakless v0.7.0/go.mod h1:R8iAXPRaG97QJwqxs74RdwzcRHT1SWCGTNqY8q0JvMQ=
